
Microsoft Visual Studio Solution File, Format Version 12.00
# Visual Studio Version 17
VisualStudioVersion = 17.7.34202.233
MinimumVisualStudioVersion = 10.0.40219.1
Project("{FAE04EC0-301F-11D3-BF4B-00C04F79EFBC}") = "Labb8 OOP Generic Collections", "Labb8 OOP Generic Collections.csproj", "{88D31EA8-9005-483F-A894-4E3A9E8A7AFD}"
EndProject
Global
	GlobalSection(SolutionConfigurationPlatforms) = preSolution
		Debug|Any CPU = Debug|Any CPU
		Release|Any CPU = Release|Any CPU
	EndGlobalSection
	GlobalSection(ProjectConfigurationPlatforms) = postSolution
		{88D31EA8-9005-483F-A894-4E3A9E8A7AFD}.Debug|Any CPU.ActiveCfg = Debug|Any CPU
		{88D31EA8-9005-483F-A894-4E3A9E8A7AFD}.Debug|Any CPU.Build.0 = Debug|Any CPU
		{88D31EA8-9005-483F-A894-4E3A9E8A7AFD}.Release|Any CPU.ActiveCfg = Release|Any CPU
		{88D31EA8-9005-483F-A894-4E3A9E8A7AFD}.Release|Any CPU.Build.0 = Release|Any CPU
	EndGlobalSection
	GlobalSection(SolutionProperties) = preSolution
		HideSolutionNode = FALSE
	EndGlobalSection
	GlobalSection(ExtensibilityGlobals) = postSolution
		SolutionGuid = {3DF7406E-84AD-48FD-9442-71485684207F}
	EndGlobalSection
EndGlobal
